// !$*UTF8*$!
{
	archiveVersion = 1;
	classes = {
	};
	objectVersion = 50;
	objects = {

/* Begin PBXBuildFile section */
		9255A475212BFE4000C4C568 /* AppDelegate.m in Sources */ = {isa = PBXBuildFile; fileRef = 9255A474212BFE4000C4C568 /* AppDelegate.m */; };
		9255A478212BFE4000C4C568 /* ViewController.m in Sources */ = {isa = PBXBuildFile; fileRef = 9255A477212BFE4000C4C568 /* ViewController.m */; };
		9255A47B212BFE4000C4C568 /* Main.storyboard in Resources */ = {isa = PBXBuildFile; fileRef = 9255A479212BFE4000C4C568 /* Main.storyboard */; };
		9255A47D212BFE4300C4C568 /* Assets.xcassets in Resources */ = {isa = PBXBuildFile; fileRef = 9255A47C212BFE4300C4C568 /* Assets.xcassets */; };
		9255A480212BFE4300C4C568 /* LaunchScreen.storyboard in Resources */ = {isa = PBXBuildFile; fileRef = 9255A47E212BFE4300C4C568 /* LaunchScreen.storyboard */; };
		9255A483212BFE4300C4C568 /* main.m in Sources */ = {isa = PBXBuildFile; fileRef = 9255A482212BFE4300C4C568 /* main.m */; };
		9255A48B212BFE6200C4C568 /* FirstViewController.m in Sources */ = {isa = PBXBuildFile; fileRef = 9255A48A212BFE6200C4C568 /* FirstViewController.m */; };
		9255A48E212BFF5A00C4C568 /* UIViewController+useTest.m in Sources */ = {isa = PBXBuildFile; fileRef = 9255A48D212BFF5A00C4C568 /* UIViewController+useTest.m */; };
		9255A491212C017100C4C568 /* UserManager.m in Sources */ = {isa = PBXBuildFile; fileRef = 9255A48F212C017100C4C568 /* UserManager.m */; };
		9255A494212C025D00C4C568 /* WHookUtility.m in Sources */ = {isa = PBXBuildFile; fileRef = 9255A492212C025D00C4C568 /* WHookUtility.m */; };
		9255A497212C026800C4C568 /* UIViewController+userStatics.m in Sources */ = {isa = PBXBuildFile; fileRef = 9255A495212C026700C4C568 /* UIViewController+userStatics.m */; };
/* End PBXBuildFile section */

/* Begin PBXFileReference section */
		9255A470212BFE4000C4C568 /* RuntimeUse.app */ = {isa = PBXFileReference; explicitFileType = wrapper.application; includeInIndex = 0; path = RuntimeUse.app; sourceTree = BUILT_PRODUCTS_DIR; };
		9255A473212BFE4000C4C568 /* AppDelegate.h */ = {isa = PBXFileReference; lastKnownFileType = sourcecode.c.h; path = AppDelegate.h; sourceTree = "<group>"; };
		9255A474212BFE4000C4C568 /* AppDelegate.m */ = {isa = PBXFileReference; lastKnownFileType = sourcecode.c.objc; path = AppDelegate.m; sourceTree = "<group>"; };
		9255A476212BFE4000C4C568 /* ViewController.h */ = {isa = PBXFileReference; lastKnownFileType = sourcecode.c.h; path = ViewController.h; sourceTree = "<group>"; };
		9255A477212BFE4000C4C568 /* ViewController.m */ = {isa = PBXFileReference; lastKnownFileType = sourcecode.c.objc; path = ViewController.m; sourceTree = "<group>"; };
		9255A47A212BFE4000C4C568 /* Base */ = {isa = PBXFileReference; lastKnownFileType = file.storyboard; name = Base; path = Base.lproj/Main.storyboard; sourceTree = "<group>"; };
		9255A47C212BFE4300C4C568 /* Assets.xcassets */ = {isa = PBXFileReference; lastKnownFileType = folder.assetcatalog; path = Assets.xcassets; sourceTree = "<group>"; };
		9255A47F212BFE4300C4C568 /* Base */ = {isa = PBXFileReference; lastKnownFileType = file.storyboard; name = Base; path = Base.lproj/LaunchScreen.storyboard; sourceTree = "<group>"; };
		9255A481212BFE4300C4C568 /* Info.plist */ = {isa = PBXFileReference; lastKnownFileType = text.plist.xml; path = Info.plist; sourceTree = "<group>"; };
		9255A482212BFE4300C4C568 /* main.m */ = {isa = PBXFileReference; lastKnownFileType = sourcecode.c.objc; path = main.m; sourceTree = "<group>"; };
		9255A489212BFE6200C4C568 /* FirstViewController.h */ = {isa = PBXFileReference; lastKnownFileType = sourcecode.c.h; path = FirstViewController.h; sourceTree = "<group>"; };
		9255A48A212BFE6200C4C568 /* FirstViewController.m */ = {isa = PBXFileReference; lastKnownFileType = sourcecode.c.objc; path = FirstViewController.m; sourceTree = "<group>"; };
		9255A48C212BFF5A00C4C568 /* UIViewController+useTest.h */ = {isa = PBXFileReference; lastKnownFileType = sourcecode.c.h; path = "UIViewController+useTest.h"; sourceTree = "<group>"; };
		9255A48D212BFF5A00C4C568 /* UIViewController+useTest.m */ = {isa = PBXFileReference; lastKnownFileType = sourcecode.c.objc; path = "UIViewController+useTest.m"; sourceTree = "<group>"; };
		9255A48F212C017100C4C568 /* UserManager.m */ = {isa = PBXFileReference; fileEncoding = 4; lastKnownFileType = sourcecode.c.objc; path = UserManager.m; sourceTree = "<group>"; };
		9255A490212C017100C4C568 /* UserManager.h */ = {isa = PBXFileReference; fileEncoding = 4; lastKnownFileType = sourcecode.c.h; path = UserManager.h; sourceTree = "<group>"; };
		9255A492212C025D00C4C568 /* WHookUtility.m */ = {isa = PBXFileReference; fileEncoding = 4; lastKnownFileType = sourcecode.c.objc; path = WHookUtility.m; sourceTree = "<group>"; };
		9255A493212C025D00C4C568 /* WHookUtility.h */ = {isa = PBXFileReference; fileEncoding = 4; lastKnownFileType = sourcecode.c.h; path = WHookUtility.h; sourceTree = "<group>"; };
		9255A495212C026700C4C568 /* UIViewController+userStatics.m */ = {isa = PBXFileReference; fileEncoding = 4; lastKnownFileType = sourcecode.c.objc; path = "UIViewController+userStatics.m"; sourceTree = "<group>"; };
		9255A496212C026800C4C568 /* UIViewController+userStatics.h */ = {isa = PBXFileReference; fileEncoding = 4; lastKnownFileType = sourcecode.c.h; path = "UIViewController+userStatics.h"; sourceTree = "<group>"; };
/* End PBXFileReference section */

/* Begin PBXFrameworksBuildPhase section */
		9255A46D212BFE4000C4C568 /* Frameworks */ = {
			isa = PBXFrameworksBuildPhase;
			buildActionMask = 2147483647;
			files = (
			);
			runOnlyForDeploymentPostprocessing = 0;
		};
/* End PBXFrameworksBuildPhase section */

/* Begin PBXGroup section */
		9255A467212BFE4000C4C568 = {
			isa = PBXGroup;
			children = (
				9255A472212BFE4000C4C568 /* RuntimeUse */,
				9255A471212BFE4000C4C568 /* Products */,
			);
			sourceTree = "<group>";
		};
		9255A471212BFE4000C4C568 /* Products */ = {
			isa = PBXGroup;
			children = (
				9255A470212BFE4000C4C568 /* RuntimeUse.app */,
			);
			name = Products;
			sourceTree = "<group>";
		};
		9255A472212BFE4000C4C568 /* RuntimeUse */ = {
			isa = PBXGroup;
			children = (
				9255A498212C028F00C4C568 /* demo */,
				9255A473212BFE4000C4C568 /* AppDelegate.h */,
				9255A474212BFE4000C4C568 /* AppDelegate.m */,
				9255A476212BFE4000C4C568 /* ViewController.h */,
				9255A477212BFE4000C4C568 /* ViewController.m */,
				9255A479212BFE4000C4C568 /* Main.storyboard */,
				9255A47C212BFE4300C4C568 /* Assets.xcassets */,
				9255A47E212BFE4300C4C568 /* LaunchScreen.storyboard */,
				9255A481212BFE4300C4C568 /* Info.plist */,
				9255A482212BFE4300C4C568 /* main.m */,
				9255A489212BFE6200C4C568 /* FirstViewController.h */,
				9255A48A212BFE6200C4C568 /* FirstViewController.m */,
			);
			path = RuntimeUse;
			sourceTree = "<group>";
		};
		9255A498212C028F00C4C568 /* demo */ = {
			isa = PBXGroup;
			children = (
				9255A48C212BFF5A00C4C568 /* UIViewController+useTest.h */,
				9255A48D212BFF5A00C4C568 /* UIViewController+useTest.m */,
				9255A496212C026800C4C568 /* UIViewController+userStatics.h */,
				9255A495212C026700C4C568 /* UIViewController+userStatics.m */,
				9255A493212C025D00C4C568 /* WHookUtility.h */,
				9255A492212C025D00C4C568 /* WHookUtility.m */,
				9255A490212C017100C4C568 /* UserManager.h */,
				9255A48F212C017100C4C568 /* UserManager.m */,
			);
			path = demo;
			sourceTree = "<group>";
		};
/* End PBXGroup section */

/* Begin PBXNativeTarget section */
		9255A46F212BFE4000C4C568 /* RuntimeUse */ = {
			isa = PBXNativeTarget;
			buildConfigurationList = 9255A486212BFE4300C4C568 /* Build configuration list for PBXNativeTarget "RuntimeUse" */;
			buildPhases = (
				9255A46C212BFE4000C4C568 /* Sources */,
				9255A46D212BFE4000C4C568 /* Frameworks */,
				9255A46E212BFE4000C4C568 /* Resources */,
			);
			buildRules = (
			);
			dependencies = (
			);
			name = RuntimeUse;
			productName = RuntimeUse;
			productReference = 9255A470212BFE4000C4C568 /* RuntimeUse.app */;
			productType = "com.apple.product-type.application";
		};
/* End PBXNativeTarget section */

/* Begin PBXProject section */
		9255A468212BFE4000C4C568 /* Project object */ = {
			isa = PBXProject;
			attributes = {
				LastUpgradeCheck = 0940;
				ORGANIZATIONNAME = WN;
				TargetAttributes = {
					9255A46F212BFE4000C4C568 = {
						CreatedOnToolsVersion = 9.4.1;
					};
				};
			};
			buildConfigurationList = 9255A46B212BFE4000C4C568 /* Build configuration list for PBXProject "RuntimeUse" */;
			compatibilityVersion = "Xcode 9.3";
			developmentRegion = en;
			hasScannedForEncodings = 0;
			knownRegions = (
				en,
				Base,
			);
			mainGroup = 9255A467212BFE4000C4C568;
			productRefGroup = 9255A471212BFE4000C4C568 /* Products */;
			projectDirPath = "";
			projectRoot = "";
			targets = (
				9255A46F212BFE4000C4C568 /* RuntimeUse */,
			);
		};
/* End PBXProject section */

/* Begin PBXResourcesBuildPhase section */
		9255A46E212BFE4000C4C568 /* Resources */ = {
			isa = PBXResourcesBuildPhase;
			buildActionMask = 2147483647;
			files = (
				9255A480212BFE4300C4C568 /* LaunchScreen.storyboard in Resources */,
				9255A47D212BFE4300C4C568 /* Assets.xcassets in Resources */,
				9255A47B212BFE4000C4C568 /* Main.storyboard in Resources */,
			);
			runOnlyForDeploymentPostprocessing = 0;
		};
/* End PBXResourcesBuildPhase section */

/* Begin PBXSourcesBuildPhase section */
		9255A46C212BFE4000C4C568 /* Sources */ = {
			isa = PBXSourcesBuildPhase;
			buildActionMask = 2147483647;
			files = (
				9255A494212C025D00C4C568 /* WHookUtility.m in Sources */,
				9255A478212BFE4000C4C568 /* ViewController.m in Sources */,
				9255A483212BFE4300C4C568 /* main.m in Sources */,
				9255A497212C026800C4C568 /* UIViewController+userStatics.m in Sources */,
				9255A475212BFE4000C4C568 /* AppDelegate.m in Sources */,
				9255A48B212BFE6200C4C568 /* FirstViewController.m in Sources */,
				9255A491212C017100C4C568 /* UserManager.m in Sources */,
				9255A48E212BFF5A00C4C568 /* UIViewController+useTest.m in Sources */,
			);
			runOnlyForDeploymentPostprocessing = 0;
		};
/* End PBXSourcesBuildPhase section */

/* Begin PBXVariantGroup section */
		9255A479212BFE4000C4C568 /* Main.storyboard */ = {
			isa = PBXVariantGroup;
			children = (
				9255A47A212BFE4000C4C568 /* Base */,
			);
			name = Main.storyboard;
			sourceTree = "<group>";
		};
		9255A47E212BFE4300C4C568 /* LaunchScreen.storyboard */ = {
			isa = PBXVariantGroup;
			children = (
				9255A47F212BFE4300C4C568 /* Base */,
			);
			name = LaunchScreen.storyboard;
			sourceTree = "<group>";
		};
/* End PBXVariantGroup section */

/* Begin XCBuildConfiguration section */
		9255A484212BFE4300C4C568 /* Debug */ = {
			isa = XCBuildConfiguration;
			buildSettings = {
				ALWAYS_SEARCH_USER_PATHS = NO;
				CLANG_ANALYZER_NONNULL = YES;
				CLANG_ANALYZER_NUMBER_OBJECT_CONVERSION = YES_AGGRESSIVE;
				CLANG_CXX_LANGUAGE_STANDARD = "gnu++14";
				CLANG_CXX_LIBRARY = "libc++";
				CLANG_ENABLE_MODULES = YES;
				CLANG_ENABLE_OBJC_ARC = YES;
				CLANG_ENABLE_OBJC_WEAK = YES;
				CLANG_WARN_BLOCK_CAPTURE_AUTORELEASING = YES;
				CLANG_WARN_BOOL_CONVERSION = YES;
				CLANG_WARN_COMMA = YES;
				CLANG_WARN_CONSTANT_CONVERSION = YES;
				CLANG_WARN_DEPRECATED_OBJC_IMPLEMENTATIONS = YES;
				CLANG_WARN_DIRECT_OBJC_ISA_USAGE = YES_ERROR;
				CLANG_WARN_DOCUMENTATION_COMMENTS = YES;
				CLANG_WARN_EMPTY_BODY = YES;
				CLANG_WARN_ENUM_CONVERSION = YES;
				CLANG_WARN_INFINITE_RECURSION = YES;
				CLANG_WARN_INT_CONVERSION = YES;
				CLANG_WARN_NON_LITERAL_NULL_CONVERSION = YES;
				CLANG_WARN_OBJC_IMPLICIT_RETAIN_SELF = YES;
				CLANG_WARN_OBJC_LITERAL_CONVERSION = YES;
				CLANG_WARN_OBJC_ROOT_CLASS = YES_ERROR;
				CLANG_WARN_RANGE_LOOP_ANALYSIS = YES;
				CLANG_WARN_STRICT_PROTOTYPES = YES;
				CLANG_WARN_SUSPICIOUS_MOVE = YES;
				CLANG_WARN_UNGUARDED_AVAILABILITY = YES_AGGRESSIVE;
				CLANG_WARN_UNREACHABLE_CODE = YES;
				CLANG_WARN__DUPLICATE_METHOD_MATCH = YES;
				CODE_SIGN_IDENTITY = "iPhone Developer";
				COPY_PHASE_STRIP = NO;
				DEBUG_INFORMATION_FORMAT = dwarf;
				ENABLE_STRICT_OBJC_MSGSEND = YES;
				ENABLE_TESTABILITY = YES;
				GCC_C_LANGUAGE_STANDARD = gnu11;
				GCC_DYNAMIC_NO_PIC = NO;
				GCC_NO_COMMON_BLOCKS = YES;
				GCC_OPTIMIZATION_LEVEL = 0;
				GCC_PREPROCESSOR_DEFINITIONS = (
					"DEBUG=1",
					"$(inherited)",
				);
				GCC_WARN_64_TO_32_BIT_CONVERSION = YES;
				GCC_WARN_ABOUT_RETURN_TYPE = YES_ERROR;
				GCC_WARN_UNDECLARED_SELECTOR = YES;
				GCC_WARN_UNINITIALIZED_AUTOS = YES_AGGRESSIVE;
				GCC_WARN_UNUSED_FUNCTION = YES;
				GCC_WARN_UNUSED_VARIABLE = YES;
				IPHONEOS_DEPLOYMENT_TARGET = 11.4;
				MTL_ENABLE_DEBUG_INFO = YES;
				ONLY_ACTIVE_ARCH = YES;
				SDKROOT = iphoneos;
			};
			name = Debug;
		};
		9255A485212BFE4300C4C568 /* Release */ = {
			isa = XCBuildConfiguration;
			buildSettings = {
				ALWAYS_SEARCH_USER_PATHS = NO;
				CLANG_ANALYZER_NONNULL = YES;
				CLANG_ANALYZER_NUMBER_OBJECT_CONVERSION = YES_AGGRESSIVE;
				CLANG_CXX_LANGUAGE_STANDARD = "gnu++14";
				CLANG_CXX_LIBRARY = "libc++";
				CLANG_ENABLE_MODULES = YES;
				CLANG_ENABLE_OBJC_ARC = YES;
				CLANG_ENABLE_OBJC_WEAK = YES;
				CLANG_WARN_BLOCK_CAPTURE_AUTORELEASING = YES;
				CLANG_WARN_BOOL_CONVERSION = YES;
				CLANG_WARN_COMMA = YES;
				CLANG_WARN_CONSTANT_CONVERSION = YES;
				CLANG_WARN_DEPRECATED_OBJC_IMPLEMENTATIONS = YES;
				CLANG_WARN_DIRECT_OBJC_ISA_USAGE = YES_ERROR;
				CLANG_WARN_DOCUMENTATION_COMMENTS = YES;
				CLANG_WARN_EMPTY_BODY = YES;
				CLANG_WARN_ENUM_CONVERSION = YES;
				CLANG_WARN_INFINITE_RECURSION = YES;
				CLANG_WARN_INT_CONVERSION = YES;
				CLANG_WARN_NON_LITERAL_NULL_CONVERSION = YES;
				CLANG_WARN_OBJC_IMPLICIT_RETAIN_SELF = YES;
				CLANG_WARN_OBJC_LITERAL_CONVERSION = YES;
				CLANG_WARN_OBJC_ROOT_CLASS = YES_ERROR;
				CLANG_WARN_RANGE_LOOP_ANALYSIS = YES;
				CLANG_WARN_STRICT_PROTOTYPES = YES;
				CLANG_WARN_SUSPICIOUS_MOVE = YES;
				CLANG_WARN_UNGUARDED_AVAILABILITY = YES_AGGRESSIVE;
				CLANG_WARN_UNREACHABLE_CODE = YES;
				CLANG_WARN__DUPLICATE_METHOD_MATCH = YES;
				CODE_SIGN_IDENTITY = "iPhone Developer";
				COPY_PHASE_STRIP = NO;
				DEBUG_INFORMATION_FORMAT = "dwarf-with-dsym";
				ENABLE_NS_ASSERTIONS = NO;
				ENABLE_STRICT_OBJC_MSGSEND = YES;
				GCC_C_LANGUAGE_STANDARD = gnu11;
				GCC_NO_COMMON_BLOCKS = YES;
				GCC_WARN_64_TO_32_BIT_CONVERSION = YES;
				GCC_WARN_ABOUT_RETURN_TYPE = YES_ERROR;
				GCC_WARN_UNDECLARED_SELECTOR = YES;
				GCC_WARN_UNINITIALIZED_AUTOS = YES_AGGRESSIVE;
				GCC_WARN_UNUSED_FUNCTION = YES;
				GCC_WARN_UNUSED_VARIABLE = YES;
				IPHONEOS_DEPLOYMENT_TARGET = 11.4;
				MTL_ENABLE_DEBUG_INFO = NO;
				SDKROOT = iphoneos;
				VALIDATE_PRODUCT = YES;
			};
			name = Release;
		};
		9255A487212BFE4300C4C568 /* Debug */ = {
			isa = XCBuildConfiguration;
			buildSettings = {
				ASSETCATALOG_COMPILER_APPICON_NAME = AppIcon;
				CODE_SIGN_STYLE = Automatic;
				DEVELOPMENT_TEAM = 9LHLASDE8K;
				INFOPLIST_FILE = RuntimeUse/Info.plist;
				LD_RUNPATH_SEARCH_PATHS = (
					"$(inherited)",
					"@executable_path/Frameworks",
				);
				PRODUCT_BUNDLE_IDENTIFIER = FM.RuntimeUse;
				PRODUCT_NAME = "$(TARGET_NAME)";
				TARGETED_DEVICE_FAMILY = "1,2";
			};
			name = Debug;
		};
		9255A488212BFE4300C4C568 /* Release */ = {
			isa = XCBuildConfiguration;
			buildSettings = {
				ASSETCATALOG_COMPILER_APPICON_NAME = AppIcon;
				CODE_SIGN_STYLE = Automatic;
				DEVELOPMENT_TEAM = 9LHLASDE8K;
				INFOPLIST_FILE = RuntimeUse/Info.plist;
				LD_RUNPATH_SEARCH_PATHS = (
					"$(inherited)",
					"@executable_path/Frameworks",
				);
				PRODUCT_BUNDLE_IDENTIFIER = FM.RuntimeUse;
				PRODUCT_NAME = "$(TARGET_NAME)";
				TARGETED_DEVICE_FAMILY = "1,2";
			};
			name = Release;
		};
/* End XCBuildConfiguration section */

/* Begin XCConfigurationList section */
		9255A46B212BFE4000C4C568 /* Build configuration list for PBXProject "RuntimeUse" */ = {
			isa = XCConfigurationList;
			buildConfigurations = (
				9255A484212BFE4300C4C568 /* Debug */,
				9255A485212BFE4300C4C568 /* Release */,
			);
			defaultConfigurationIsVisible = 0;
			defaultConfigurationName = Release;
		};
		9255A486212BFE4300C4C568 /* Build configuration list for PBXNativeTarget "RuntimeUse" */ = {
			isa = XCConfigurationList;
			buildConfigurations = (
				9255A487212BFE4300C4C568 /* Debug */,
				9255A488212BFE4300C4C568 /* Release */,
			);
			defaultConfigurationIsVisible = 0;
			defaultConfigurationName = Release;
		};
/* End XCConfigurationList section */
	};
	rootObject = 9255A468212BFE4000C4C568 /* Project object */;
}
